<?xml version="1.0" encoding="utf-8"?>
<Project ToolsVersion="4.0" xmlns="http://schemas.microsoft.com/developer/msbuild/2003">
  <ItemGroup>
    <Filter Include="Source Files">
      <UniqueIdentifier>{4FC737F1-C7A5-4376-A066-2A32D752A2FF}</UniqueIdentifier>
      <Extensions>cpp;c;cc;cxx;def;odl;idl;hpj;bat;asm;asmx</Extensions>
    </Filter>
    <Filter Include="Header Files">
      <UniqueIdentifier>{93995380-89BD-4b04-88EB-625FBE52EBFB}</UniqueIdentifier>
      <Extensions>h;hpp;hxx;hm;inl;inc;xsd</Extensions>
    </Filter>
    <Filter Include="Shader">
      <UniqueIdentifier>{67DA6AB6-F800-4c08-8B7A-83BB121AAD01}</UniqueIdentifier>
      <Extensions>rc;ico;cur;bmp;dlg;rc2;rct;bin;rgs;gif;jpg;jpeg;jpe;resx;tiff;tif;png;wav;mfcribbon-ms</Extensions>
    </Filter>
    <Filter Include="StudioProject">
      <UniqueIdentifier>{ee647c0d-ef64-4d5c-932c-ae2ec7d70304}</UniqueIdentifier>
    </Filter>
    <Filter Include="Core">
      <UniqueIdentifier>{f0d95ca5-8efc-474d-9231-d2bf6efe33bd}</UniqueIdentifier>
    </Filter>
    <Filter Include="StudioProject\Camera">
      <UniqueIdentifier>{45c90400-555d-4b70-9037-bf4f3221e71a}</UniqueIdentifier>
    </Filter>
    <Filter Include="Physics">
      <UniqueIdentifier>{d5224ce9-a79f-4205-8643-3dcd0e8ad4bc}</UniqueIdentifier>
    </Filter>
    <Filter Include="StudioProject\Player">
      <UniqueIdentifier>{08461ee1-6ca2-4ee4-8786-e735bbc8e146}</UniqueIdentifier>
    </Filter>
    <Filter Include="StudioProject\Scene">
      <UniqueIdentifier>{3197703a-70ba-4f86-a8e2-a8e483c63d62}</UniqueIdentifier>
    </Filter>
    <Filter Include="StudioProject\Weapon">
      <UniqueIdentifier>{9609c7d7-54b7-4240-b7dd-78796fa94479}</UniqueIdentifier>
    </Filter>
    <Filter Include="StudioProject\Core">
      <UniqueIdentifier>{84ef459b-b0f2-4f0b-95e2-26a87cbc04d8}</UniqueIdentifier>
    </Filter>
    <Filter Include="StudioProject\AI">
      <UniqueIdentifier>{78854a1f-c557-4890-a925-4103239e5ed7}</UniqueIdentifier>
    </Filter>
    <Filter Include="StudioProject\AI\Pathfinding">
      <UniqueIdentifier>{82f9b15d-0ab1-4dc3-a21f-e31f459aa5e9}</UniqueIdentifier>
    </Filter>
  </ItemGroup>
  <ItemGroup>
    <ClCompile Include="Source\Application.cpp">
      <Filter>Source Files</Filter>
    </ClCompile>
    <ClCompile Include="Source\main.cpp">
      <Filter>Source Files</Filter>
    </ClCompile>
    <ClCompile Include="Source\shader.cpp">
      <Filter>Source Files</Filter>
    </ClCompile>
    <ClCompile Include="Source\Mesh.cpp">
      <Filter>Source Files</Filter>
    </ClCompile>
    <ClCompile Include="Source\MeshBuilder.cpp">
      <Filter>Source Files</Filter>
    </ClCompile>
    <ClCompile Include="Source\Utility.cpp">
      <Filter>Source Files</Filter>
    </ClCompile>
    <ClCompile Include="Source\LoadTGA.cpp">
      <Filter>Source Files</Filter>
    </ClCompile>
    <ClCompile Include="Source\LoadOBJ.cpp">
      <Filter>Source Files</Filter>
    </ClCompile>
    <ClCompile Include="Source\LoadHmap.cpp">
      <Filter>Source Files</Filter>
    </ClCompile>
    <ClCompile Include="Source\MyScene.cpp">
      <Filter>Source Files</Filter>
    </ClCompile>
    <ClCompile Include="Source\SpriteAnimation.cpp">
      <Filter>Source Files</Filter>
    </ClCompile>
    <ClCompile Include="Source\Particle.cpp">
      <Filter>Source Files</Filter>
    </ClCompile>
    <ClCompile Include="Source\DepthFBO.cpp">
      <Filter>Source Files</Filter>
    </ClCompile>
    <ClCompile Include="Core\BaseCamera.cpp">
      <Filter>Core</Filter>
    </ClCompile>
    <ClCompile Include="Core\Behaviour.cpp">
      <Filter>Core</Filter>
    </ClCompile>
    <ClCompile Include="Core\GameObject.cpp">
      <Filter>Core</Filter>
    </ClCompile>
    <ClCompile Include="Core\Object.cpp">
      <Filter>Core</Filter>
    </ClCompile>
    <ClCompile Include="Core\Transform.cpp">
      <Filter>Core</Filter>
    </ClCompile>
    <ClCompile Include="Core\Camera.cpp">
      <Filter>Core</Filter>
    </ClCompile>
    <ClCompile Include="StudioProject\FirstPersonCamera.cpp">
      <Filter>StudioProject\Camera</Filter>
    </ClCompile>
    <ClCompile Include="Core\Component.cpp">
      <Filter>Core</Filter>
    </ClCompile>
    <ClCompile Include="Physics\CharacterController.cpp">
      <Filter>Physics</Filter>
    </ClCompile>
    <ClCompile Include="Physics\Collider.cpp">
      <Filter>Physics</Filter>
    </ClCompile>
    <ClCompile Include="Physics\Rigidbody.cpp">
      <Filter>Physics</Filter>
    </ClCompile>
    <ClCompile Include="Physics\SphereCollider.cpp">
      <Filter>Physics</Filter>
    </ClCompile>
    <ClCompile Include="StudioProject\SceneBase.cpp">
      <Filter>StudioProject\Scene</Filter>
    </ClCompile>
    <ClCompile Include="StudioProject\GameScene.cpp">
      <Filter>StudioProject\Scene</Filter>
    </ClCompile>
    <ClCompile Include="StudioProject\MenuScene.cpp">
      <Filter>StudioProject\Scene</Filter>
    </ClCompile>
    <ClCompile Include="StudioProject\GOList.cpp">
      <Filter>StudioProject</Filter>
    </ClCompile>
    <ClCompile Include="StudioProject\AIBehaviour.cpp">
      <Filter>StudioProject\AI</Filter>
    </ClCompile>
    <ClCompile Include="StudioProject\Physics.cpp">
      <Filter>StudioProject\Core</Filter>
    </ClCompile>
    <ClCompile Include="StudioProject\EnemyGO.cpp">
      <Filter>StudioProject\AI</Filter>
    </ClCompile>
    <ClCompile Include="StudioProject\GOFactory.cpp">
      <Filter>StudioProject</Filter>
    </ClCompile>
    <ClCompile Include="StudioProject\PlayerGO.cpp">
      <Filter>StudioProject\Player</Filter>
    </ClCompile>
    <ClCompile Include="Ray.cpp">
      <Filter>Physics</Filter>
    </ClCompile>
    <ClCompile Include="StudioProject\WeaponBase.cpp">
      <Filter>StudioProject\Weapon</Filter>
    </ClCompile>
    <ClCompile Include="StudioProject\PistolGO.cpp">
      <Filter>StudioProject\Weapon</Filter>
    </ClCompile>
    <ClCompile Include="StudioProject\SceneManager.cpp">
      <Filter>StudioProject\Scene</Filter>
    </ClCompile>
    <ClCompile Include="StudioProject\MouseRayCast.cpp">
      <Filter>StudioProject</Filter>
    </ClCompile>
    <ClCompile Include="StudioProject\Level1Scene.cpp">
      <Filter>StudioProject\Scene</Filter>
    </ClCompile>
    <ClCompile Include="StudioProject\PathNode.cpp">
      <Filter>StudioProject\AI\Pathfinding</Filter>
    </ClCompile>
    <ClCompile Include="ParticleEngine.cpp">
      <Filter>Source Files</Filter>
    </ClCompile>
  </ItemGroup>
  <ItemGroup>
    <ClInclude Include="Source\Application.h">
      <Filter>Header Files</Filter>
    </ClInclude>
    <ClInclude Include="Source\Geometry.h">
      <Filter>Header Files</Filter>
    </ClInclude>
    <ClInclude Include="Source\shader.hpp">
      <Filter>Header Files</Filter>
    </ClInclude>
    <ClInclude Include="Source\Mesh.h">
      <Filter>Header Files</Filter>
    </ClInclude>
    <ClInclude Include="Source\Vertex.h">
      <Filter>Header Files</Filter>
    </ClInclude>
    <ClInclude Include="Source\MeshBuilder.h">
      <Filter>Header Files</Filter>
    </ClInclude>
    <ClInclude Include="Source\Light.h">
      <Filter>Header Files</Filter>
    </ClInclude>
    <ClInclude Include="Source\Utility.h">
      <Filter>Header Files</Filter>
    </ClInclude>
    <ClInclude Include="Source\Material.h">
      <Filter>Header Files</Filter>
    </ClInclude>
    <ClInclude Include="Source\LoadTGA.h">
      <Filter>Header Files</Filter>
    </ClInclude>
    <ClInclude Include="Source\LoadOBJ.h">
      <Filter>Header Files</Filter>
    </ClInclude>
    <ClInclude Include="Source\LoadHmap.h">
      <Filter>Header Files</Filter>
    </ClInclude>
    <ClInclude Include="Source\MyScene.h">
      <Filter>Header Files</Filter>
    </ClInclude>
    <ClInclude Include="Source\SpriteAnimation.h">
      <Filter>Header Files</Filter>
    </ClInclude>
    <ClInclude Include="Source\Particle.h">
      <Filter>Header Files</Filter>
    </ClInclude>
    <ClInclude Include="Source\DepthFBO.h">
      <Filter>Header Files</Filter>
    </ClInclude>
    <ClInclude Include="Core\Scene.h">
      <Filter>Core</Filter>
    </ClInclude>
    <ClInclude Include="Core\BaseCamera.h">
      <Filter>Core</Filter>
    </ClInclude>
    <ClInclude Include="Core\Behaviour.h">
      <Filter>Core</Filter>
    </ClInclude>
    <ClInclude Include="Core\GameObject.h">
      <Filter>Core</Filter>
    </ClInclude>
    <ClInclude Include="Core\Object.h">
      <Filter>Core</Filter>
    </ClInclude>
    <ClInclude Include="Core\Camera.h">
      <Filter>Core</Filter>
    </ClInclude>
    <ClInclude Include="StudioProject\FirstPersonCamera.h">
      <Filter>StudioProject\Camera</Filter>
    </ClInclude>
    <ClInclude Include="Core\Component.h">
      <Filter>Core</Filter>
    </ClInclude>
    <ClInclude Include="Physics\CharacterController.h">
      <Filter>Physics</Filter>
    </ClInclude>
    <ClInclude Include="Physics\Collider.h">
      <Filter>Physics</Filter>
    </ClInclude>
    <ClInclude Include="Physics\Rigidbody.h">
      <Filter>Physics</Filter>
    </ClInclude>
    <ClInclude Include="Physics\SphereCollider.h">
      <Filter>Physics</Filter>
    </ClInclude>
    <ClInclude Include="StudioProject\SceneBase.h">
      <Filter>StudioProject\Scene</Filter>
    </ClInclude>
    <ClInclude Include="StudioProject\GameScene.h">
      <Filter>StudioProject\Scene</Filter>
    </ClInclude>
    <ClInclude Include="StudioProject\MenuScene.h">
      <Filter>StudioProject\Scene</Filter>
    </ClInclude>
    <ClInclude Include="StudioProject\GOList.h">
      <Filter>StudioProject</Filter>
    </ClInclude>
    <ClInclude Include="Core\Transform.h">
      <Filter>Core</Filter>
    </ClInclude>
    <ClInclude Include="StudioProject\AIBehaviour.h">
      <Filter>StudioProject\AI</Filter>
    </ClInclude>
    <ClInclude Include="StudioProject\Physics.h">
      <Filter>StudioProject\Core</Filter>
    </ClInclude>
    <ClInclude Include="StudioProject\EnemyGO.h">
      <Filter>StudioProject\AI</Filter>
    </ClInclude>
    <ClInclude Include="StudioProject\GOFactory.h">
      <Filter>StudioProject</Filter>
    </ClInclude>
    <ClInclude Include="StudioProject\PlayerGO.h">
      <Filter>StudioProject\Player</Filter>
    </ClInclude>
    <ClInclude Include="Ray.h">
      <Filter>Physics</Filter>
    </ClInclude>
    <ClInclude Include="StudioProject\WeaponBase.h">
      <Filter>StudioProject\Weapon</Filter>
    </ClInclude>
    <ClInclude Include="StudioProject\PistolGO.h">
      <Filter>StudioProject\Weapon</Filter>
    </ClInclude>
    <ClInclude Include="StudioProject\SceneManager.h">
      <Filter>StudioProject\Scene</Filter>
    </ClInclude>
    <ClInclude Include="StudioProject\MouseRayCast.h">
      <Filter>StudioProject</Filter>
    </ClInclude>
    <ClInclude Include="StudioProject\Level1Scene.h">
      <Filter>StudioProject\Scene</Filter>
    </ClInclude>
    <ClInclude Include="StudioProject\BehaviourNode.h">
      <Filter>StudioProject\AI</Filter>
    </ClInclude>
    <ClInclude Include="StudioProject\PathNode.h">
      <Filter>StudioProject\AI\Pathfinding</Filter>
    </ClInclude>
    <ClInclude Include="ParticleEngine.h">
      <Filter>Physics</Filter>
    </ClInclude>
  </ItemGroup>
  <ItemGroup>
    <None Include="Shader\GPass.frag">
      <Filter>Shader</Filter>
    </None>
    <None Include="Shader\GPass.vert">
      <Filter>Shader</Filter>
    </None>
    <None Include="Shader\Shadow.frag">
      <Filter>Shader</Filter>
    </None>
    <None Include="Shader\Shadow.vert">
      <Filter>Shader</Filter>
    </None>
  </ItemGroup>
</Project>